
Microsoft Visual Studio Solution File, Format Version 12.00
# Visual Studio Version 17
VisualStudioVersion = 17.7.34009.444
MinimumVisualStudioVersion = 10.0.40219.1
Project("{9A19103F-16F7-4668-BE54-9A1E7A4F7556}") = "LibraryProject", "WebApplication3\LibraryProject.csproj", "{003566F8-9395-44C6-B26F-1A937EEEDA1B}"
EndProject
Global
	GlobalSection(SolutionConfigurationPlatforms) = preSolution
		Debug|Any CPU = Debug|Any CPU
		Release|Any CPU = Release|Any CPU
	EndGlobalSection
	GlobalSection(ProjectConfigurationPlatforms) = postSolution
		{003566F8-9395-44C6-B26F-1A937EEEDA1B}.Debug|Any CPU.ActiveCfg = Debug|Any CPU
		{003566F8-9395-44C6-B26F-1A937EEEDA1B}.Debug|Any CPU.Build.0 = Debug|Any CPU
		{003566F8-9395-44C6-B26F-1A937EEEDA1B}.Release|Any CPU.ActiveCfg = Release|Any CPU
		{003566F8-9395-44C6-B26F-1A937EEEDA1B}.Release|Any CPU.Build.0 = Release|Any CPU
	EndGlobalSection
	GlobalSection(SolutionProperties) = preSolution
		HideSolutionNode = FALSE
	EndGlobalSection
	GlobalSection(ExtensibilityGlobals) = postSolution
		SolutionGuid = {7A72DCD9-DF3B-4CA5-AB72-40FE56503241}
	EndGlobalSection
EndGlobal
